// !$*UTF8*$!
{
	archiveVersion = 1;
	classes = {
	};
	objectVersion = 50;
	objects = {

/* Begin PBXBuildFile section */
		BD067D112094E49700CF6BEC /* path.gs in CopyFiles */ = {isa = PBXBuildFile; fileRef = BD067D102094E48B00CF6BEC /* path.gs */; settings = {ATTRIBUTES = (CodeSignOnCopy, ); }; };
		BD067D1320951AD300CF6BEC /* deposition.jpg in CopyFiles */ = {isa = PBXBuildFile; fileRef = BD067D1220951AC800CF6BEC /* deposition.jpg */; settings = {ATTRIBUTES = (CodeSignOnCopy, ); }; };
		BD067D162095625B00CF6BEC /* airtrans.cpp in Sources */ = {isa = PBXBuildFile; fileRef = BD067D142095625B00CF6BEC /* airtrans.cpp */; };
		BD181A542092C5EB00A29A8C /* aurora.vs in CopyFiles */ = {isa = PBXBuildFile; fileRef = BD181A522092706300A29A8C /* aurora.vs */; settings = {ATTRIBUTES = (CodeSignOnCopy, ); }; };
		BD181A552092C5EB00A29A8C /* aurora.fs in CopyFiles */ = {isa = PBXBuildFile; fileRef = BD181A53209270A500A29A8C /* aurora.fs */; settings = {ATTRIBUTES = (CodeSignOnCopy, ); }; };
		BD19718A20912FF40017DD4F /* aurora.cpp in Sources */ = {isa = PBXBuildFile; fileRef = BD19718820912FF40017DD4F /* aurora.cpp */; };
		BD19718E20913F9B0017DD4F /* path.vs in CopyFiles */ = {isa = PBXBuildFile; fileRef = BD19718C20913F7B0017DD4F /* path.vs */; settings = {ATTRIBUTES = (CodeSignOnCopy, ); }; };
		BD19718F20913F9B0017DD4F /* path.fs in CopyFiles */ = {isa = PBXBuildFile; fileRef = BD19718D20913F860017DD4F /* path.fs */; settings = {ATTRIBUTES = (CodeSignOnCopy, ); }; };
		BD50D04620824535004F2734 /* button.cpp in Sources */ = {isa = PBXBuildFile; fileRef = BD50D04420824535004F2734 /* button.cpp */; };
		BD5380B2208ECADF009A63FD /* Draw My Aurora in Sources */ = {isa = PBXBuildFile; fileRef = BD91521020785B7A00D7C7DF /* Draw My Aurora */; };
		BD5380E9208ED3BC009A63FD /* NegativeX.jpg in CopyFiles */ = {isa = PBXBuildFile; fileRef = BD5380E7208ED3B5009A63FD /* NegativeX.jpg */; settings = {ATTRIBUTES = (CodeSignOnCopy, ); }; };
		BD5380EA208ED3BC009A63FD /* NegativeY.jpg in CopyFiles */ = {isa = PBXBuildFile; fileRef = BD5380E6208ED3B5009A63FD /* NegativeY.jpg */; settings = {ATTRIBUTES = (CodeSignOnCopy, ); }; };
		BD5380EB208ED3BC009A63FD /* NegativeZ.jpg in CopyFiles */ = {isa = PBXBuildFile; fileRef = BD5380E8208ED3B6009A63FD /* NegativeZ.jpg */; settings = {ATTRIBUTES = (CodeSignOnCopy, ); }; };
		BD5380EC208ED3BC009A63FD /* PositiveX.jpg in CopyFiles */ = {isa = PBXBuildFile; fileRef = BD5380E4208ED3B5009A63FD /* PositiveX.jpg */; settings = {ATTRIBUTES = (CodeSignOnCopy, ); }; };
		BD5380ED208ED3BC009A63FD /* PositiveY.jpg in CopyFiles */ = {isa = PBXBuildFile; fileRef = BD5380E3208ED3B4009A63FD /* PositiveY.jpg */; settings = {ATTRIBUTES = (CodeSignOnCopy, ); }; };
		BD5380EE208ED3BC009A63FD /* PositiveZ.jpg in CopyFiles */ = {isa = PBXBuildFile; fileRef = BD5380E5208ED3B5009A63FD /* PositiveZ.jpg */; settings = {ATTRIBUTES = (CodeSignOnCopy, ); }; };
		BD5380F1208ED855009A63FD /* distfield.cpp in Sources */ = {isa = PBXBuildFile; fileRef = BD5380EF208ED855009A63FD /* distfield.cpp */; };
		BD91521420785B7A00D7C7DF /* main.cpp in Sources */ = {isa = PBXBuildFile; fileRef = BD91521320785B7A00D7C7DF /* main.cpp */; };
		BD91521C20785C5400D7C7DF /* OpenGL.framework in Frameworks */ = {isa = PBXBuildFile; fileRef = BD91521B20785C5400D7C7DF /* OpenGL.framework */; };
		BD91533F2078622700D7C7DF /* camera.cpp in Sources */ = {isa = PBXBuildFile; fileRef = BD91533E2078622700D7C7DF /* camera.cpp */; };
		BD9155732078681D00D7C7DF /* shader.cpp in Sources */ = {isa = PBXBuildFile; fileRef = BD9155722078681D00D7C7DF /* shader.cpp */; };
		BD91557C207868BC00D7C7DF /* glad.c in Sources */ = {isa = PBXBuildFile; fileRef = BD91557B207868BC00D7C7DF /* glad.c */; };
		BD91558C20786C3A00D7C7DF /* loader.cpp in Sources */ = {isa = PBXBuildFile; fileRef = BD91558920786C3A00D7C7DF /* loader.cpp */; };
		BD915595207871ED00D7C7DF /* drawpath.cpp in Sources */ = {isa = PBXBuildFile; fileRef = BD915593207871ED00D7C7DF /* drawpath.cpp */; };
		BDA56D8021ADA12700A4B992 /* libfreetype.6.dylib in Frameworks */ = {isa = PBXBuildFile; fileRef = BD50D03C208242F9004F2734 /* libfreetype.6.dylib */; };
		BDA56D8121ADA12700A4B992 /* libglfw.3.2.dylib in Frameworks */ = {isa = PBXBuildFile; fileRef = BD91521D20785C7D00D7C7DF /* libglfw.3.2.dylib */; };
		BDA56D8221ADA13600A4B992 /* libfreetype.6.dylib in CopyFiles */ = {isa = PBXBuildFile; fileRef = BD50D03C208242F9004F2734 /* libfreetype.6.dylib */; settings = {ATTRIBUTES = (CodeSignOnCopy, ); }; };
		BDA56D8321ADA13600A4B992 /* libglfw.3.2.dylib in CopyFiles */ = {isa = PBXBuildFile; fileRef = BD91521D20785C7D00D7C7DF /* libglfw.3.2.dylib */; settings = {ATTRIBUTES = (CodeSignOnCopy, ); }; };
		BDA97B01207BABA20054AAB3 /* crspline.cpp in Sources */ = {isa = PBXBuildFile; fileRef = BDA97AFF207BABA20054AAB3 /* crspline.cpp */; };
		BDCBC8A92087B8BF00F5C91D /* object.cpp in Sources */ = {isa = PBXBuildFile; fileRef = BDCBC8A72087B8BF00F5C91D /* object.cpp */; };
		BDE2FA4020839AFE008B61E2 /* window.cpp in Sources */ = {isa = PBXBuildFile; fileRef = BDE2FA3E20839AFE008B61E2 /* window.cpp */; };
		BDFC865920870D1000F16877 /* skybox.obj in CopyFiles */ = {isa = PBXBuildFile; fileRef = BDB57A4720791B3400C1DFC6 /* skybox.obj */; settings = {ATTRIBUTES = (CodeSignOnCopy, ); }; };
		BDFC866020870D1000F16877 /* earth.obj in CopyFiles */ = {isa = PBXBuildFile; fileRef = BDFC865720870B0200F16877 /* earth.obj */; settings = {ATTRIBUTES = (CodeSignOnCopy, ); }; };
		BDFC866120870D1000F16877 /* earth_day.jpg in CopyFiles */ = {isa = PBXBuildFile; fileRef = BD4278D9207ACC2600D6E174 /* earth_day.jpg */; settings = {ATTRIBUTES = (CodeSignOnCopy, ); }; };
		BDFC866220870D1000F16877 /* earth_night.jpg in CopyFiles */ = {isa = PBXBuildFile; fileRef = BD4278D8207ACC2600D6E174 /* earth_night.jpg */; settings = {ATTRIBUTES = (CodeSignOnCopy, ); }; };
		BDFC866320870D1000F16877 /* rect_rounded.jpg in CopyFiles */ = {isa = PBXBuildFile; fileRef = BD60496E208463E300283BF3 /* rect_rounded.jpg */; settings = {ATTRIBUTES = (CodeSignOnCopy, ); }; };
		BDFC866420870D1000F16877 /* ostrich.ttf in CopyFiles */ = {isa = PBXBuildFile; fileRef = BD69663C2086C74600C0901D /* ostrich.ttf */; settings = {ATTRIBUTES = (CodeSignOnCopy, ); }; };
		BDFC866620870D2300F16877 /* earth.fs in CopyFiles */ = {isa = PBXBuildFile; fileRef = BD9155982078764100D7C7DF /* earth.fs */; settings = {ATTRIBUTES = (CodeSignOnCopy, ); }; };
		BDFC866720870D2300F16877 /* universe.vs in CopyFiles */ = {isa = PBXBuildFile; fileRef = BDB57A442079131B00C1DFC6 /* universe.vs */; settings = {ATTRIBUTES = (CodeSignOnCopy, ); }; };
		BDFC866820870D2300F16877 /* universe.fs in CopyFiles */ = {isa = PBXBuildFile; fileRef = BDB57A452079131C00C1DFC6 /* universe.fs */; settings = {ATTRIBUTES = (CodeSignOnCopy, ); }; };
		BDFC866920870D2300F16877 /* spline.vs in CopyFiles */ = {isa = PBXBuildFile; fileRef = BD73D785207E949A0001461B /* spline.vs */; settings = {ATTRIBUTES = (CodeSignOnCopy, ); }; };
		BDFC866A20870D2300F16877 /* spline.gs in CopyFiles */ = {isa = PBXBuildFile; fileRef = BDC69E58207A47A60005232C /* spline.gs */; settings = {ATTRIBUTES = (CodeSignOnCopy, ); }; };
		BDFC866B20870D2300F16877 /* spline.fs in CopyFiles */ = {isa = PBXBuildFile; fileRef = BDC69E59207A47B00005232C /* spline.fs */; settings = {ATTRIBUTES = (CodeSignOnCopy, ); }; };
		BDFC866C20870D2300F16877 /* button.vs in CopyFiles */ = {isa = PBXBuildFile; fileRef = BD07487420824A1B0069DD87 /* button.vs */; settings = {ATTRIBUTES = (CodeSignOnCopy, ); }; };
		BDFC866D20870D2300F16877 /* button.fs in CopyFiles */ = {isa = PBXBuildFile; fileRef = BD07487520824A2A0069DD87 /* button.fs */; settings = {ATTRIBUTES = (CodeSignOnCopy, ); }; };
		BDFC866E20870D2300F16877 /* character.vs in CopyFiles */ = {isa = PBXBuildFile; fileRef = BD0A77D32085473200134DF7 /* character.vs */; settings = {ATTRIBUTES = (CodeSignOnCopy, ); }; };
		BDFC866F20870D2300F16877 /* character.fs in CopyFiles */ = {isa = PBXBuildFile; fileRef = BD0A77D42085473D00134DF7 /* character.fs */; settings = {ATTRIBUTES = (CodeSignOnCopy, ); }; };
		BDFC86712087124900F16877 /* earth.vs in CopyFiles */ = {isa = PBXBuildFile; fileRef = BD9155972078762900D7C7DF /* earth.vs */; settings = {ATTRIBUTES = (CodeSignOnCopy, ); }; };
/* End PBXBuildFile section */

/* Begin PBXCopyFilesBuildPhase section */
		BD91520E20785B7A00D7C7DF /* CopyFiles */ = {
			isa = PBXCopyFilesBuildPhase;
			buildActionMask = 12;
			dstPath = "";
			dstSubfolderSpec = 7;
			files = (
				BDA56D8221ADA13600A4B992 /* libfreetype.6.dylib in CopyFiles */,
				BDA56D8321ADA13600A4B992 /* libglfw.3.2.dylib in CopyFiles */,
				BD067D1320951AD300CF6BEC /* deposition.jpg in CopyFiles */,
				BD067D112094E49700CF6BEC /* path.gs in CopyFiles */,
				BD181A542092C5EB00A29A8C /* aurora.vs in CopyFiles */,
				BD181A552092C5EB00A29A8C /* aurora.fs in CopyFiles */,
				BD19718E20913F9B0017DD4F /* path.vs in CopyFiles */,
				BD19718F20913F9B0017DD4F /* path.fs in CopyFiles */,
				BD5380E9208ED3BC009A63FD /* NegativeX.jpg in CopyFiles */,
				BD5380EA208ED3BC009A63FD /* NegativeY.jpg in CopyFiles */,
				BD5380EB208ED3BC009A63FD /* NegativeZ.jpg in CopyFiles */,
				BD5380EC208ED3BC009A63FD /* PositiveX.jpg in CopyFiles */,
				BD5380ED208ED3BC009A63FD /* PositiveY.jpg in CopyFiles */,
				BD5380EE208ED3BC009A63FD /* PositiveZ.jpg in CopyFiles */,
				BDFC86712087124900F16877 /* earth.vs in CopyFiles */,
				BDFC866620870D2300F16877 /* earth.fs in CopyFiles */,
				BDFC866720870D2300F16877 /* universe.vs in CopyFiles */,
				BDFC866820870D2300F16877 /* universe.fs in CopyFiles */,
				BDFC866920870D2300F16877 /* spline.vs in CopyFiles */,
				BDFC866A20870D2300F16877 /* spline.gs in CopyFiles */,
				BDFC866B20870D2300F16877 /* spline.fs in CopyFiles */,
				BDFC866C20870D2300F16877 /* button.vs in CopyFiles */,
				BDFC866D20870D2300F16877 /* button.fs in CopyFiles */,
				BDFC866E20870D2300F16877 /* character.vs in CopyFiles */,
				BDFC866F20870D2300F16877 /* character.fs in CopyFiles */,
				BDFC865920870D1000F16877 /* skybox.obj in CopyFiles */,
				BDFC866020870D1000F16877 /* earth.obj in CopyFiles */,
				BDFC866120870D1000F16877 /* earth_day.jpg in CopyFiles */,
				BDFC866220870D1000F16877 /* earth_night.jpg in CopyFiles */,
				BDFC866320870D1000F16877 /* rect_rounded.jpg in CopyFiles */,
				BDFC866420870D1000F16877 /* ostrich.ttf in CopyFiles */,
			);
			runOnlyForDeploymentPostprocessing = 0;
		};
/* End PBXCopyFilesBuildPhase section */

/* Begin PBXFileReference section */
		BD067D102094E48B00CF6BEC /* path.gs */ = {isa = PBXFileReference; lastKnownFileType = sourcecode.glsl; path = path.gs; sourceTree = "<group>"; };
		BD067D1220951AC800CF6BEC /* deposition.jpg */ = {isa = PBXFileReference; lastKnownFileType = image.jpeg; path = deposition.jpg; sourceTree = "<group>"; };
		BD067D142095625B00CF6BEC /* airtrans.cpp */ = {isa = PBXFileReference; lastKnownFileType = sourcecode.cpp.cpp; path = airtrans.cpp; sourceTree = "<group>"; };
		BD067D152095625B00CF6BEC /* airtrans.hpp */ = {isa = PBXFileReference; lastKnownFileType = sourcecode.cpp.h; path = airtrans.hpp; sourceTree = "<group>"; };
		BD07487420824A1B0069DD87 /* button.vs */ = {isa = PBXFileReference; lastKnownFileType = sourcecode.glsl; path = button.vs; sourceTree = "<group>"; };
		BD07487520824A2A0069DD87 /* button.fs */ = {isa = PBXFileReference; lastKnownFileType = sourcecode.glsl; path = button.fs; sourceTree = "<group>"; };
		BD0A77D32085473200134DF7 /* character.vs */ = {isa = PBXFileReference; lastKnownFileType = sourcecode.glsl; path = character.vs; sourceTree = "<group>"; };
		BD0A77D42085473D00134DF7 /* character.fs */ = {isa = PBXFileReference; lastKnownFileType = sourcecode.glsl; path = character.fs; sourceTree = "<group>"; };
		BD181A522092706300A29A8C /* aurora.vs */ = {isa = PBXFileReference; lastKnownFileType = sourcecode.glsl; path = aurora.vs; sourceTree = "<group>"; };
		BD181A53209270A500A29A8C /* aurora.fs */ = {isa = PBXFileReference; lastKnownFileType = sourcecode.glsl; path = aurora.fs; sourceTree = "<group>"; };
		BD19718820912FF40017DD4F /* aurora.cpp */ = {isa = PBXFileReference; lastKnownFileType = sourcecode.cpp.cpp; path = aurora.cpp; sourceTree = "<group>"; };
		BD19718920912FF40017DD4F /* aurora.hpp */ = {isa = PBXFileReference; lastKnownFileType = sourcecode.cpp.h; path = aurora.hpp; sourceTree = "<group>"; };
		BD19718C20913F7B0017DD4F /* path.vs */ = {isa = PBXFileReference; lastKnownFileType = sourcecode.glsl; path = path.vs; sourceTree = "<group>"; };
		BD19718D20913F860017DD4F /* path.fs */ = {isa = PBXFileReference; lastKnownFileType = sourcecode.glsl; path = path.fs; sourceTree = "<group>"; };
		BD4278D8207ACC2600D6E174 /* earth_night.jpg */ = {isa = PBXFileReference; lastKnownFileType = image.jpeg; path = earth_night.jpg; sourceTree = "<group>"; };
		BD4278D9207ACC2600D6E174 /* earth_day.jpg */ = {isa = PBXFileReference; lastKnownFileType = image.jpeg; path = earth_day.jpg; sourceTree = "<group>"; };
		BD50D03C208242F9004F2734 /* libfreetype.6.dylib */ = {isa = PBXFileReference; lastKnownFileType = "compiled.mach-o.dylib"; name = libfreetype.6.dylib; path = ../../../../../../usr/local/Cellar/freetype/2.9/lib/libfreetype.6.dylib; sourceTree = "<group>"; };
		BD50D04420824535004F2734 /* button.cpp */ = {isa = PBXFileReference; lastKnownFileType = sourcecode.cpp.cpp; path = button.cpp; sourceTree = "<group>"; };
		BD50D04520824535004F2734 /* button.hpp */ = {isa = PBXFileReference; lastKnownFileType = sourcecode.cpp.h; path = button.hpp; sourceTree = "<group>"; };
		BD5380E3208ED3B4009A63FD /* PositiveY.jpg */ = {isa = PBXFileReference; lastKnownFileType = image.jpeg; path = PositiveY.jpg; sourceTree = "<group>"; };
		BD5380E4208ED3B5009A63FD /* PositiveX.jpg */ = {isa = PBXFileReference; lastKnownFileType = image.jpeg; path = PositiveX.jpg; sourceTree = "<group>"; };
		BD5380E5208ED3B5009A63FD /* PositiveZ.jpg */ = {isa = PBXFileReference; lastKnownFileType = image.jpeg; path = PositiveZ.jpg; sourceTree = "<group>"; };
		BD5380E6208ED3B5009A63FD /* NegativeY.jpg */ = {isa = PBXFileReference; lastKnownFileType = image.jpeg; path = NegativeY.jpg; sourceTree = "<group>"; };
		BD5380E7208ED3B5009A63FD /* NegativeX.jpg */ = {isa = PBXFileReference; lastKnownFileType = image.jpeg; path = NegativeX.jpg; sourceTree = "<group>"; };
		BD5380E8208ED3B6009A63FD /* NegativeZ.jpg */ = {isa = PBXFileReference; lastKnownFileType = image.jpeg; path = NegativeZ.jpg; sourceTree = "<group>"; };
		BD5380EF208ED855009A63FD /* distfield.cpp */ = {isa = PBXFileReference; lastKnownFileType = sourcecode.cpp.cpp; path = distfield.cpp; sourceTree = "<group>"; };
		BD5380F0208ED855009A63FD /* distfield.hpp */ = {isa = PBXFileReference; lastKnownFileType = sourcecode.cpp.h; path = distfield.hpp; sourceTree = "<group>"; };
		BD60496E208463E300283BF3 /* rect_rounded.jpg */ = {isa = PBXFileReference; lastKnownFileType = image.jpeg; path = rect_rounded.jpg; sourceTree = "<group>"; };
		BD69663C2086C74600C0901D /* ostrich.ttf */ = {isa = PBXFileReference; lastKnownFileType = file; path = ostrich.ttf; sourceTree = "<group>"; };
		BD73D785207E949A0001461B /* spline.vs */ = {isa = PBXFileReference; lastKnownFileType = sourcecode.glsl; path = spline.vs; sourceTree = "<group>"; };
		BD91521020785B7A00D7C7DF /* Draw My Aurora */ = {isa = PBXFileReference; explicitFileType = "compiled.mach-o.executable"; includeInIndex = 0; path = "Draw My Aurora"; sourceTree = BUILT_PRODUCTS_DIR; };
		BD91521320785B7A00D7C7DF /* main.cpp */ = {isa = PBXFileReference; lastKnownFileType = sourcecode.cpp.cpp; path = main.cpp; sourceTree = "<group>"; };
		BD91521B20785C5400D7C7DF /* OpenGL.framework */ = {isa = PBXFileReference; lastKnownFileType = wrapper.framework; name = OpenGL.framework; path = System/Library/Frameworks/OpenGL.framework; sourceTree = SDKROOT; };
		BD91521D20785C7D00D7C7DF /* libglfw.3.2.dylib */ = {isa = PBXFileReference; lastKnownFileType = "compiled.mach-o.dylib"; name = libglfw.3.2.dylib; path = ../../../../../../usr/local/Cellar/glfw/3.2.1/lib/libglfw.3.2.dylib; sourceTree = "<group>"; };
		BD91533D2078621F00D7C7DF /* camera.hpp */ = {isa = PBXFileReference; fileEncoding = 4; lastKnownFileType = sourcecode.cpp.h; path = camera.hpp; sourceTree = "<group>"; };
		BD91533E2078622700D7C7DF /* camera.cpp */ = {isa = PBXFileReference; fileEncoding = 4; lastKnownFileType = sourcecode.cpp.cpp; path = camera.cpp; sourceTree = "<group>"; };
		BD9155712078680F00D7C7DF /* shader.hpp */ = {isa = PBXFileReference; fileEncoding = 4; lastKnownFileType = sourcecode.cpp.h; path = shader.hpp; sourceTree = "<group>"; };
		BD9155722078681D00D7C7DF /* shader.cpp */ = {isa = PBXFileReference; fileEncoding = 4; lastKnownFileType = sourcecode.cpp.cpp; path = shader.cpp; sourceTree = "<group>"; };
		BD915577207868BC00D7C7DF /* khrplatform.h */ = {isa = PBXFileReference; fileEncoding = 4; lastKnownFileType = sourcecode.c.h; path = khrplatform.h; sourceTree = "<group>"; };
		BD915579207868BC00D7C7DF /* glad.h */ = {isa = PBXFileReference; fileEncoding = 4; lastKnownFileType = sourcecode.c.h; path = glad.h; sourceTree = "<group>"; };
		BD91557B207868BC00D7C7DF /* glad.c */ = {isa = PBXFileReference; fileEncoding = 4; lastKnownFileType = sourcecode.c.c; path = glad.c; sourceTree = "<group>"; };
		BD91558320786BB400D7C7DF /* loader.hpp */ = {isa = PBXFileReference; fileEncoding = 4; lastKnownFileType = sourcecode.cpp.h; path = loader.hpp; sourceTree = "<group>"; };
		BD91558920786C3A00D7C7DF /* loader.cpp */ = {isa = PBXFileReference; fileEncoding = 4; lastKnownFileType = sourcecode.cpp.cpp; path = loader.cpp; sourceTree = "<group>"; };
		BD915593207871ED00D7C7DF /* drawpath.cpp */ = {isa = PBXFileReference; lastKnownFileType = sourcecode.cpp.cpp; path = drawpath.cpp; sourceTree = "<group>"; };
		BD915594207871ED00D7C7DF /* drawpath.hpp */ = {isa = PBXFileReference; lastKnownFileType = sourcecode.cpp.h; path = drawpath.hpp; sourceTree = "<group>"; };
		BD9155972078762900D7C7DF /* earth.vs */ = {isa = PBXFileReference; lastKnownFileType = sourcecode.glsl; path = earth.vs; sourceTree = "<group>"; };
		BD9155982078764100D7C7DF /* earth.fs */ = {isa = PBXFileReference; lastKnownFileType = sourcecode.glsl; path = earth.fs; sourceTree = "<group>"; };
		BDA97AFF207BABA20054AAB3 /* crspline.cpp */ = {isa = PBXFileReference; lastKnownFileType = sourcecode.cpp.cpp; path = crspline.cpp; sourceTree = "<group>"; };
		BDA97B00207BABA20054AAB3 /* crspline.hpp */ = {isa = PBXFileReference; lastKnownFileType = sourcecode.cpp.h; path = crspline.hpp; sourceTree = "<group>"; };
		BDB57A442079131B00C1DFC6 /* universe.vs */ = {isa = PBXFileReference; fileEncoding = 4; lastKnownFileType = sourcecode.glsl; path = universe.vs; sourceTree = "<group>"; };
		BDB57A452079131C00C1DFC6 /* universe.fs */ = {isa = PBXFileReference; fileEncoding = 4; lastKnownFileType = sourcecode.glsl; path = universe.fs; sourceTree = "<group>"; };
		BDB57A4720791B3400C1DFC6 /* skybox.obj */ = {isa = PBXFileReference; lastKnownFileType = text; path = skybox.obj; sourceTree = "<group>"; };
		BDC69E58207A47A60005232C /* spline.gs */ = {isa = PBXFileReference; lastKnownFileType = sourcecode.glsl; path = spline.gs; sourceTree = "<group>"; };
		BDC69E59207A47B00005232C /* spline.fs */ = {isa = PBXFileReference; lastKnownFileType = sourcecode.glsl; path = spline.fs; sourceTree = "<group>"; };
		BDCBC8A72087B8BF00F5C91D /* object.cpp */ = {isa = PBXFileReference; lastKnownFileType = sourcecode.cpp.cpp; path = object.cpp; sourceTree = "<group>"; };
		BDCBC8A82087B8BF00F5C91D /* object.hpp */ = {isa = PBXFileReference; lastKnownFileType = sourcecode.cpp.h; path = object.hpp; sourceTree = "<group>"; };
		BDE2FA3E20839AFE008B61E2 /* window.cpp */ = {isa = PBXFileReference; lastKnownFileType = sourcecode.cpp.cpp; path = window.cpp; sourceTree = "<group>"; };
		BDE2FA412083C542008B61E2 /* window.hpp */ = {isa = PBXFileReference; fileEncoding = 4; lastKnownFileType = sourcecode.cpp.h; path = window.hpp; sourceTree = "<group>"; };
		BDFC865720870B0200F16877 /* earth.obj */ = {isa = PBXFileReference; fileEncoding = 4; lastKnownFileType = text; path = earth.obj; sourceTree = "<group>"; };
/* End PBXFileReference section */

/* Begin PBXFrameworksBuildPhase section */
		BD91520D20785B7A00D7C7DF /* Frameworks */ = {
			isa = PBXFrameworksBuildPhase;
			buildActionMask = 2147483647;
			files = (
				BDA56D8021ADA12700A4B992 /* libfreetype.6.dylib in Frameworks */,
				BDA56D8121ADA12700A4B992 /* libglfw.3.2.dylib in Frameworks */,
				BD91521C20785C5400D7C7DF /* OpenGL.framework in Frameworks */,
			);
			runOnlyForDeploymentPostprocessing = 0;
		};
/* End PBXFrameworksBuildPhase section */

/* Begin PBXGroup section */
		BD074872208246FD0069DD87 /* button */ = {
			isa = PBXGroup;
			children = (
				BD60496E208463E300283BF3 /* rect_rounded.jpg */,
				BD69663C2086C74600C0901D /* ostrich.ttf */,
			);
			path = button;
			sourceTree = "<group>";
		};
		BD181A562092CEF800A29A8C /* aurora */ = {
			isa = PBXGroup;
			children = (
				BD067D1220951AC800CF6BEC /* deposition.jpg */,
			);
			path = aurora;
			sourceTree = "<group>";
		};
		BD19718B20913F1B0017DD4F /* shaders */ = {
			isa = PBXGroup;
			children = (
				BD0A77D32085473200134DF7 /* character.vs */,
				BD0A77D42085473D00134DF7 /* character.fs */,
			);
			path = shaders;
			sourceTree = "<group>";
		};
		BD91520720785B7A00D7C7DF = {
			isa = PBXGroup;
			children = (
				BD91521220785B7A00D7C7DF /* Draw My Aurora */,
				BD91521120785B7A00D7C7DF /* Products */,
				BD91521A20785C5400D7C7DF /* Frameworks */,
			);
			sourceTree = "<group>";
		};
		BD91521120785B7A00D7C7DF /* Products */ = {
			isa = PBXGroup;
			children = (
				BD91521020785B7A00D7C7DF /* Draw My Aurora */,
			);
			name = Products;
			sourceTree = "<group>";
		};
		BD91521220785B7A00D7C7DF /* Draw My Aurora */ = {
			isa = PBXGroup;
			children = (
				BD91522020785CA900D7C7DF /* library */,
				BD915590207871B400D7C7DF /* interface */,
				BD91557D20786A2500D7C7DF /* texture */,
				BD91558F2078719900D7C7DF /* utils */,
			);
			path = "Draw My Aurora";
			sourceTree = "<group>";
		};
		BD91521A20785C5400D7C7DF /* Frameworks */ = {
			isa = PBXGroup;
			children = (
				BD50D03C208242F9004F2734 /* libfreetype.6.dylib */,
				BD91521D20785C7D00D7C7DF /* libglfw.3.2.dylib */,
				BD91521B20785C5400D7C7DF /* OpenGL.framework */,
			);
			name = Frameworks;
			sourceTree = "<group>";
		};
		BD91522020785CA900D7C7DF /* library */ = {
			isa = PBXGroup;
			children = (
				BD915574207868BC00D7C7DF /* glad */,
			);
			name = library;
			sourceTree = "<group>";
		};
		BD91533A20785D5F00D7C7DF /* src */ = {
			isa = PBXGroup;
			children = (
				BD9155722078681D00D7C7DF /* shader.cpp */,
				BD91533E2078622700D7C7DF /* camera.cpp */,
				BD91558920786C3A00D7C7DF /* loader.cpp */,
				BDCBC8A72087B8BF00F5C91D /* object.cpp */,
				BD5380EF208ED855009A63FD /* distfield.cpp */,
				BD067D142095625B00CF6BEC /* airtrans.cpp */,
			);
			path = src;
			sourceTree = "<group>";
		};
		BD91533B20785D7000D7C7DF /* include */ = {
			isa = PBXGroup;
			children = (
				BD9155712078680F00D7C7DF /* shader.hpp */,
				BD91533D2078621F00D7C7DF /* camera.hpp */,
				BD91558320786BB400D7C7DF /* loader.hpp */,
				BDCBC8A82087B8BF00F5C91D /* object.hpp */,
				BD5380F0208ED855009A63FD /* distfield.hpp */,
				BD067D152095625B00CF6BEC /* airtrans.hpp */,
			);
			path = include;
			sourceTree = "<group>";
		};
		BD91533C20785D8000D7C7DF /* shaders */ = {
			isa = PBXGroup;
			children = (
				BD9155972078762900D7C7DF /* earth.vs */,
				BD9155982078764100D7C7DF /* earth.fs */,
				BDB57A442079131B00C1DFC6 /* universe.vs */,
				BDB57A452079131C00C1DFC6 /* universe.fs */,
				BD73D785207E949A0001461B /* spline.vs */,
				BDC69E58207A47A60005232C /* spline.gs */,
				BDC69E59207A47B00005232C /* spline.fs */,
				BD07487420824A1B0069DD87 /* button.vs */,
				BD07487520824A2A0069DD87 /* button.fs */,
				BD19718C20913F7B0017DD4F /* path.vs */,
				BD067D102094E48B00CF6BEC /* path.gs */,
				BD19718D20913F860017DD4F /* path.fs */,
				BD181A522092706300A29A8C /* aurora.vs */,
				BD181A53209270A500A29A8C /* aurora.fs */,
			);
			path = shaders;
			sourceTree = "<group>";
		};
		BD915574207868BC00D7C7DF /* glad */ = {
			isa = PBXGroup;
			children = (
				BD915575207868BC00D7C7DF /* include */,
				BD91557A207868BC00D7C7DF /* src */,
			);
			name = glad;
			path = ../../../libs/glad;
			sourceTree = "<group>";
		};
		BD915575207868BC00D7C7DF /* include */ = {
			isa = PBXGroup;
			children = (
				BD915576207868BC00D7C7DF /* KHR */,
				BD915578207868BC00D7C7DF /* glad */,
			);
			path = include;
			sourceTree = "<group>";
		};
		BD915576207868BC00D7C7DF /* KHR */ = {
			isa = PBXGroup;
			children = (
				BD915577207868BC00D7C7DF /* khrplatform.h */,
			);
			path = KHR;
			sourceTree = "<group>";
		};
		BD915578207868BC00D7C7DF /* glad */ = {
			isa = PBXGroup;
			children = (
				BD915579207868BC00D7C7DF /* glad.h */,
			);
			path = glad;
			sourceTree = "<group>";
		};
		BD91557A207868BC00D7C7DF /* src */ = {
			isa = PBXGroup;
			children = (
				BD91557B207868BC00D7C7DF /* glad.c */,
			);
			path = src;
			sourceTree = "<group>";
		};
		BD91557D20786A2500D7C7DF /* texture */ = {
			isa = PBXGroup;
			children = (
				BDB57A3D20790D8B00C1DFC6 /* universe */,
				BD91557F20786AB100D7C7DF /* earth */,
				BD074872208246FD0069DD87 /* button */,
				BD181A562092CEF800A29A8C /* aurora */,
			);
			path = texture;
			sourceTree = "<group>";
		};
		BD91557F20786AB100D7C7DF /* earth */ = {
			isa = PBXGroup;
			children = (
				BDFC865720870B0200F16877 /* earth.obj */,
				BD4278D9207ACC2600D6E174 /* earth_day.jpg */,
				BD4278D8207ACC2600D6E174 /* earth_night.jpg */,
			);
			path = earth;
			sourceTree = "<group>";
		};
		BD91558F2078719900D7C7DF /* utils */ = {
			isa = PBXGroup;
			children = (
				BD91533B20785D7000D7C7DF /* include */,
				BD91533A20785D5F00D7C7DF /* src */,
				BD19718B20913F1B0017DD4F /* shaders */,
			);
			path = utils;
			sourceTree = "<group>";
		};
		BD915590207871B400D7C7DF /* interface */ = {
			isa = PBXGroup;
			children = (
				BD915591207871C500D7C7DF /* include */,
				BD915592207871CE00D7C7DF /* src */,
				BD91533C20785D8000D7C7DF /* shaders */,
			);
			path = interface;
			sourceTree = "<group>";
		};
		BD915591207871C500D7C7DF /* include */ = {
			isa = PBXGroup;
			children = (
				BDE2FA412083C542008B61E2 /* window.hpp */,
				BD915594207871ED00D7C7DF /* drawpath.hpp */,
				BDA97B00207BABA20054AAB3 /* crspline.hpp */,
				BD50D04520824535004F2734 /* button.hpp */,
				BD19718920912FF40017DD4F /* aurora.hpp */,
			);
			path = include;
			sourceTree = "<group>";
		};
		BD915592207871CE00D7C7DF /* src */ = {
			isa = PBXGroup;
			children = (
				BD91521320785B7A00D7C7DF /* main.cpp */,
				BDE2FA3E20839AFE008B61E2 /* window.cpp */,
				BD915593207871ED00D7C7DF /* drawpath.cpp */,
				BDA97AFF207BABA20054AAB3 /* crspline.cpp */,
				BD50D04420824535004F2734 /* button.cpp */,
				BD19718820912FF40017DD4F /* aurora.cpp */,
			);
			path = src;
			sourceTree = "<group>";
		};
		BDB57A3D20790D8B00C1DFC6 /* universe */ = {
			isa = PBXGroup;
			children = (
				BDB57A4720791B3400C1DFC6 /* skybox.obj */,
				BD5380E4208ED3B5009A63FD /* PositiveX.jpg */,
				BD5380E7208ED3B5009A63FD /* NegativeX.jpg */,
				BD5380E3208ED3B4009A63FD /* PositiveY.jpg */,
				BD5380E6208ED3B5009A63FD /* NegativeY.jpg */,
				BD5380E5208ED3B5009A63FD /* PositiveZ.jpg */,
				BD5380E8208ED3B6009A63FD /* NegativeZ.jpg */,
			);
			path = universe;
			sourceTree = "<group>";
		};
/* End PBXGroup section */

/* Begin PBXNativeTarget section */
		BD91520F20785B7A00D7C7DF /* Draw My Aurora */ = {
			isa = PBXNativeTarget;
			buildConfigurationList = BD91521720785B7A00D7C7DF /* Build configuration list for PBXNativeTarget "Draw My Aurora" */;
			buildPhases = (
				BD91520C20785B7A00D7C7DF /* Sources */,
				BD91520D20785B7A00D7C7DF /* Frameworks */,
				BD91520E20785B7A00D7C7DF /* CopyFiles */,
			);
			buildRules = (
			);
			dependencies = (
			);
			name = "Draw My Aurora";
			productName = "Paint My Aurora";
			productReference = BD91521020785B7A00D7C7DF /* Draw My Aurora */;
			productType = "com.apple.product-type.tool";
		};
/* End PBXNativeTarget section */

/* Begin PBXProject section */
		BD91520820785B7A00D7C7DF /* Project object */ = {
			isa = PBXProject;
			attributes = {
				LastUpgradeCheck = 0930;
				ORGANIZATIONNAME = "Pujun Lun";
				TargetAttributes = {
					BD91520F20785B7A00D7C7DF = {
						CreatedOnToolsVersion = 9.3;
					};
				};
			};
			buildConfigurationList = BD91520B20785B7A00D7C7DF /* Build configuration list for PBXProject "Draw My Aurora" */;
			compatibilityVersion = "Xcode 9.3";
			developmentRegion = en;
			hasScannedForEncodings = 0;
			knownRegions = (
				en,
			);
			mainGroup = BD91520720785B7A00D7C7DF;
			productRefGroup = BD91521120785B7A00D7C7DF /* Products */;
			projectDirPath = "";
			projectRoot = "";
			targets = (
				BD91520F20785B7A00D7C7DF /* Draw My Aurora */,
			);
		};
/* End PBXProject section */

/* Begin PBXSourcesBuildPhase section */
		BD91520C20785B7A00D7C7DF /* Sources */ = {
			isa = PBXSourcesBuildPhase;
			buildActionMask = 2147483647;
			files = (
				BD915595207871ED00D7C7DF /* drawpath.cpp in Sources */,
				BD50D04620824535004F2734 /* button.cpp in Sources */,
				BD91558C20786C3A00D7C7DF /* loader.cpp in Sources */,
				BD9155732078681D00D7C7DF /* shader.cpp in Sources */,
				BD067D162095625B00CF6BEC /* airtrans.cpp in Sources */,
				BD91521420785B7A00D7C7DF /* main.cpp in Sources */,
				BDE2FA4020839AFE008B61E2 /* window.cpp in Sources */,
				BD91533F2078622700D7C7DF /* camera.cpp in Sources */,
				BD19718A20912FF40017DD4F /* aurora.cpp in Sources */,
				BD5380B2208ECADF009A63FD /* Draw My Aurora in Sources */,
				BD91557C207868BC00D7C7DF /* glad.c in Sources */,
				BDA97B01207BABA20054AAB3 /* crspline.cpp in Sources */,
				BD5380F1208ED855009A63FD /* distfield.cpp in Sources */,
				BDCBC8A92087B8BF00F5C91D /* object.cpp in Sources */,
			);
			runOnlyForDeploymentPostprocessing = 0;
		};
/* End PBXSourcesBuildPhase section */

/* Begin XCBuildConfiguration section */
		BD91521520785B7A00D7C7DF /* Debug */ = {
			isa = XCBuildConfiguration;
			buildSettings = {
				ALWAYS_SEARCH_USER_PATHS = NO;
				CLANG_ANALYZER_NONNULL = YES;
				CLANG_ANALYZER_NUMBER_OBJECT_CONVERSION = YES_AGGRESSIVE;
				CLANG_CXX_LANGUAGE_STANDARD = "gnu++14";
				CLANG_CXX_LIBRARY = "libc++";
				CLANG_ENABLE_MODULES = YES;
				CLANG_ENABLE_OBJC_ARC = YES;
				CLANG_ENABLE_OBJC_WEAK = YES;
				CLANG_WARN_BLOCK_CAPTURE_AUTORELEASING = YES;
				CLANG_WARN_BOOL_CONVERSION = YES;
				CLANG_WARN_COMMA = YES;
				CLANG_WARN_CONSTANT_CONVERSION = YES;
				CLANG_WARN_DEPRECATED_OBJC_IMPLEMENTATIONS = YES;
				CLANG_WARN_DIRECT_OBJC_ISA_USAGE = YES_ERROR;
				CLANG_WARN_DOCUMENTATION_COMMENTS = YES;
				CLANG_WARN_EMPTY_BODY = YES;
				CLANG_WARN_ENUM_CONVERSION = YES;
				CLANG_WARN_INFINITE_RECURSION = YES;
				CLANG_WARN_INT_CONVERSION = YES;
				CLANG_WARN_NON_LITERAL_NULL_CONVERSION = YES;
				CLANG_WARN_OBJC_IMPLICIT_RETAIN_SELF = YES;
				CLANG_WARN_OBJC_LITERAL_CONVERSION = YES;
				CLANG_WARN_OBJC_ROOT_CLASS = YES_ERROR;
				CLANG_WARN_RANGE_LOOP_ANALYSIS = YES;
				CLANG_WARN_STRICT_PROTOTYPES = YES;
				CLANG_WARN_SUSPICIOUS_MOVE = YES;
				CLANG_WARN_UNGUARDED_AVAILABILITY = YES_AGGRESSIVE;
				CLANG_WARN_UNREACHABLE_CODE = YES;
				CLANG_WARN__DUPLICATE_METHOD_MATCH = YES;
				CODE_SIGN_IDENTITY = "Mac Developer";
				COPY_PHASE_STRIP = NO;
				DEBUG_INFORMATION_FORMAT = dwarf;
				ENABLE_STRICT_OBJC_MSGSEND = YES;
				ENABLE_TESTABILITY = YES;
				GCC_C_LANGUAGE_STANDARD = gnu11;
				GCC_DYNAMIC_NO_PIC = NO;
				GCC_NO_COMMON_BLOCKS = YES;
				GCC_OPTIMIZATION_LEVEL = 0;
				GCC_PREPROCESSOR_DEFINITIONS = (
					"DEBUG=1",
					"$(inherited)",
				);
				GCC_WARN_64_TO_32_BIT_CONVERSION = YES;
				GCC_WARN_ABOUT_RETURN_TYPE = YES_ERROR;
				GCC_WARN_UNDECLARED_SELECTOR = YES;
				GCC_WARN_UNINITIALIZED_AUTOS = YES_AGGRESSIVE;
				GCC_WARN_UNUSED_FUNCTION = YES;
				GCC_WARN_UNUSED_VARIABLE = YES;
				MACOSX_DEPLOYMENT_TARGET = 10.13;
				MTL_ENABLE_DEBUG_INFO = YES;
				ONLY_ACTIVE_ARCH = YES;
				SDKROOT = macosx;
			};
			name = Debug;
		};
		BD91521620785B7A00D7C7DF /* Release */ = {
			isa = XCBuildConfiguration;
			buildSettings = {
				ALWAYS_SEARCH_USER_PATHS = NO;
				CLANG_ANALYZER_NONNULL = YES;
				CLANG_ANALYZER_NUMBER_OBJECT_CONVERSION = YES_AGGRESSIVE;
				CLANG_CXX_LANGUAGE_STANDARD = "gnu++14";
				CLANG_CXX_LIBRARY = "libc++";
				CLANG_ENABLE_MODULES = YES;
				CLANG_ENABLE_OBJC_ARC = YES;
				CLANG_ENABLE_OBJC_WEAK = YES;
				CLANG_WARN_BLOCK_CAPTURE_AUTORELEASING = YES;
				CLANG_WARN_BOOL_CONVERSION = YES;
				CLANG_WARN_COMMA = YES;
				CLANG_WARN_CONSTANT_CONVERSION = YES;
				CLANG_WARN_DEPRECATED_OBJC_IMPLEMENTATIONS = YES;
				CLANG_WARN_DIRECT_OBJC_ISA_USAGE = YES_ERROR;
				CLANG_WARN_DOCUMENTATION_COMMENTS = YES;
				CLANG_WARN_EMPTY_BODY = YES;
				CLANG_WARN_ENUM_CONVERSION = YES;
				CLANG_WARN_INFINITE_RECURSION = YES;
				CLANG_WARN_INT_CONVERSION = YES;
				CLANG_WARN_NON_LITERAL_NULL_CONVERSION = YES;
				CLANG_WARN_OBJC_IMPLICIT_RETAIN_SELF = YES;
				CLANG_WARN_OBJC_LITERAL_CONVERSION = YES;
				CLANG_WARN_OBJC_ROOT_CLASS = YES_ERROR;
				CLANG_WARN_RANGE_LOOP_ANALYSIS = YES;
				CLANG_WARN_STRICT_PROTOTYPES = YES;
				CLANG_WARN_SUSPICIOUS_MOVE = YES;
				CLANG_WARN_UNGUARDED_AVAILABILITY = YES_AGGRESSIVE;
				CLANG_WARN_UNREACHABLE_CODE = YES;
				CLANG_WARN__DUPLICATE_METHOD_MATCH = YES;
				CODE_SIGN_IDENTITY = "Mac Developer";
				COPY_PHASE_STRIP = NO;
				DEBUG_INFORMATION_FORMAT = "dwarf-with-dsym";
				ENABLE_NS_ASSERTIONS = NO;
				ENABLE_STRICT_OBJC_MSGSEND = YES;
				GCC_C_LANGUAGE_STANDARD = gnu11;
				GCC_NO_COMMON_BLOCKS = YES;
				GCC_WARN_64_TO_32_BIT_CONVERSION = YES;
				GCC_WARN_ABOUT_RETURN_TYPE = YES_ERROR;
				GCC_WARN_UNDECLARED_SELECTOR = YES;
				GCC_WARN_UNINITIALIZED_AUTOS = YES_AGGRESSIVE;
				GCC_WARN_UNUSED_FUNCTION = YES;
				GCC_WARN_UNUSED_VARIABLE = YES;
				MACOSX_DEPLOYMENT_TARGET = 10.13;
				MTL_ENABLE_DEBUG_INFO = NO;
				SDKROOT = macosx;
			};
			name = Release;
		};
		BD91521820785B7A00D7C7DF /* Debug */ = {
			isa = XCBuildConfiguration;
			buildSettings = {
				CLANG_CXX_LANGUAGE_STANDARD = "gnu++14";
				CLANG_X86_VECTOR_INSTRUCTIONS = avx2;
				CODE_SIGN_STYLE = Automatic;
				DEVELOPMENT_TEAM = DXJ7AC4744;
				GCC_PRECOMPILE_PREFIX_HEADER = NO;
				GCC_PREFIX_HEADER = "";
				HEADER_SEARCH_PATHS = "";
				LIBRARY_SEARCH_PATHS = (
					/usr/local/lib,
					/usr/local/Cellar/freetype/2.9/lib,
					/usr/local/Cellar/glfw/3.2.1/lib,
				);
				PRODUCT_NAME = "$(TARGET_NAME)";
				SYSTEM_HEADER_SEARCH_PATHS = (
					/Users/lun/Desktop/Code/libs,
					/Users/lun/Desktop/Code/libs/glad/include,
					/usr/local/Cellar/freetype/2.9/include/freetype2,
					/usr/local/include,
				);
			};
			name = Debug;
		};
		BD91521920785B7A00D7C7DF /* Release */ = {
			isa = XCBuildConfiguration;
			buildSettings = {
				CLANG_CXX_LANGUAGE_STANDARD = "gnu++14";
				CLANG_X86_VECTOR_INSTRUCTIONS = avx2;
				CODE_SIGN_STYLE = Automatic;
				DEVELOPMENT_TEAM = DXJ7AC4744;
				GCC_PRECOMPILE_PREFIX_HEADER = NO;
				GCC_PREFIX_HEADER = "";
				HEADER_SEARCH_PATHS = "";
				LIBRARY_SEARCH_PATHS = (
					/usr/local/lib,
					/usr/local/Cellar/freetype/2.9/lib,
					/usr/local/Cellar/glfw/3.2.1/lib,
				);
				PRODUCT_NAME = "$(TARGET_NAME)";
				SYSTEM_HEADER_SEARCH_PATHS = (
					/Users/lun/Desktop/Code/libs,
					/Users/lun/Desktop/Code/libs/glad/include,
					/usr/local/Cellar/freetype/2.9/include/freetype2,
					/usr/local/include,
				);
			};
			name = Release;
		};
/* End XCBuildConfiguration section */

/* Begin XCConfigurationList section */
		BD91520B20785B7A00D7C7DF /* Build configuration list for PBXProject "Draw My Aurora" */ = {
			isa = XCConfigurationList;
			buildConfigurations = (
				BD91521520785B7A00D7C7DF /* Debug */,
				BD91521620785B7A00D7C7DF /* Release */,
			);
			defaultConfigurationIsVisible = 0;
			defaultConfigurationName = Release;
		};
		BD91521720785B7A00D7C7DF /* Build configuration list for PBXNativeTarget "Draw My Aurora" */ = {
			isa = XCConfigurationList;
			buildConfigurations = (
				BD91521820785B7A00D7C7DF /* Debug */,
				BD91521920785B7A00D7C7DF /* Release */,
			);
			defaultConfigurationIsVisible = 0;
			defaultConfigurationName = Release;
		};
/* End XCConfigurationList section */
	};
	rootObject = BD91520820785B7A00D7C7DF /* Project object */;
}
